{
  "object": {
    "pins": [
      {
        "package": "SwiftUtilities",
        "repositoryURL": "https://github.com/Esri/SwiftUtilities.git",
        "state": {
          "branch": null,
          "revision": "59510d708eb1bbfc5d4a29f96e60a77a3306047b",
          "version": "0.3.0"
        }
      }
    ]
  },
  "version": 1
}
